// !$*UTF8*$!
{
	archiveVersion = 1;
	classes = {
	};
	objectVersion = 50;
	objects = {

/* Begin PBXBuildFile section */
		307D5A602645F6DF00142AEB /* Tests_iOS.swift in Sources */ = {isa = PBXBuildFile; fileRef = 307D5A5F2645F6DF00142AEB /* Tests_iOS.swift */; };
		307D5A6B2645F6DF00142AEB /* Tests_macOS.swift in Sources */ = {isa = PBXBuildFile; fileRef = 307D5A6A2645F6DF00142AEB /* Tests_macOS.swift */; };
		307D5A6D2645F6DF00142AEB /* Lesson_4_Challenge__Bonus_App.swift in Sources */ = {isa = PBXBuildFile; fileRef = 307D5A442645F6DD00142AEB /* Lesson_4_Challenge__Bonus_App.swift */; };
		307D5A6E2645F6DF00142AEB /* Lesson_4_Challenge__Bonus_App.swift in Sources */ = {isa = PBXBuildFile; fileRef = 307D5A442645F6DD00142AEB /* Lesson_4_Challenge__Bonus_App.swift */; };
		307D5A6F2645F6DF00142AEB /* ContentView.swift in Sources */ = {isa = PBXBuildFile; fileRef = 307D5A452645F6DD00142AEB /* ContentView.swift */; };
		307D5A702645F6DF00142AEB /* ContentView.swift in Sources */ = {isa = PBXBuildFile; fileRef = 307D5A452645F6DD00142AEB /* ContentView.swift */; };
		307D5A712645F6DF00142AEB /* Assets.xcassets in Resources */ = {isa = PBXBuildFile; fileRef = 307D5A462645F6DE00142AEB /* Assets.xcassets */; };
		307D5A722645F6DF00142AEB /* Assets.xcassets in Resources */ = {isa = PBXBuildFile; fileRef = 307D5A462645F6DE00142AEB /* Assets.xcassets */; };
/* End PBXBuildFile section */

/* Begin PBXContainerItemProxy section */
		307D5A5C2645F6DF00142AEB /* PBXContainerItemProxy */ = {
			isa = PBXContainerItemProxy;
			containerPortal = 307D5A3F2645F6DD00142AEB /* Project object */;
			proxyType = 1;
			remoteGlobalIDString = 307D5A4A2645F6DE00142AEB;
			remoteInfo = "Lesson 4 Challenge (Bonus) (iOS)";
		};
		307D5A672645F6DF00142AEB /* PBXContainerItemProxy */ = {
			isa = PBXContainerItemProxy;
			containerPortal = 307D5A3F2645F6DD00142AEB /* Project object */;
			proxyType = 1;
			remoteGlobalIDString = 307D5A522645F6DE00142AEB;
			remoteInfo = "Lesson 4 Challenge (Bonus) (macOS)";
		};
/* End PBXContainerItemProxy section */

/* Begin PBXFileReference section */
		307D5A442645F6DD00142AEB /* Lesson_4_Challenge__Bonus_App.swift */ = {isa = PBXFileReference; lastKnownFileType = sourcecode.swift; path = Lesson_4_Challenge__Bonus_App.swift; sourceTree = "<group>"; };
		307D5A452645F6DD00142AEB /* ContentView.swift */ = {isa = PBXFileReference; lastKnownFileType = sourcecode.swift; path = ContentView.swift; sourceTree = "<group>"; };
		307D5A462645F6DE00142AEB /* Assets.xcassets */ = {isa = PBXFileReference; lastKnownFileType = folder.assetcatalog; path = Assets.xcassets; sourceTree = "<group>"; };
		307D5A4B2645F6DE00142AEB /* Lesson 4 Challenge (Bonus).app */ = {isa = PBXFileReference; explicitFileType = wrapper.application; includeInIndex = 0; path = "Lesson 4 Challenge (Bonus).app"; sourceTree = BUILT_PRODUCTS_DIR; };
		307D5A4E2645F6DE00142AEB /* Info.plist */ = {isa = PBXFileReference; lastKnownFileType = text.plist.xml; path = Info.plist; sourceTree = "<group>"; };
		307D5A532645F6DE00142AEB /* Lesson 4 Challenge (Bonus).app */ = {isa = PBXFileReference; explicitFileType = wrapper.application; includeInIndex = 0; path = "Lesson 4 Challenge (Bonus).app"; sourceTree = BUILT_PRODUCTS_DIR; };
		307D5A552645F6DE00142AEB /* Info.plist */ = {isa = PBXFileReference; lastKnownFileType = text.plist.xml; path = Info.plist; sourceTree = "<group>"; };
		307D5A562645F6DE00142AEB /* macOS.entitlements */ = {isa = PBXFileReference; lastKnownFileType = text.plist.entitlements; path = macOS.entitlements; sourceTree = "<group>"; };
		307D5A5B2645F6DF00142AEB /* Tests iOS.xctest */ = {isa = PBXFileReference; explicitFileType = wrapper.cfbundle; includeInIndex = 0; path = "Tests iOS.xctest"; sourceTree = BUILT_PRODUCTS_DIR; };
		307D5A5F2645F6DF00142AEB /* Tests_iOS.swift */ = {isa = PBXFileReference; lastKnownFileType = sourcecode.swift; path = Tests_iOS.swift; sourceTree = "<group>"; };
		307D5A612645F6DF00142AEB /* Info.plist */ = {isa = PBXFileReference; lastKnownFileType = text.plist.xml; path = Info.plist; sourceTree = "<group>"; };
		307D5A662645F6DF00142AEB /* Tests macOS.xctest */ = {isa = PBXFileReference; explicitFileType = wrapper.cfbundle; includeInIndex = 0; path = "Tests macOS.xctest"; sourceTree = BUILT_PRODUCTS_DIR; };
		307D5A6A2645F6DF00142AEB /* Tests_macOS.swift */ = {isa = PBXFileReference; lastKnownFileType = sourcecode.swift; path = Tests_macOS.swift; sourceTree = "<group>"; };
		307D5A6C2645F6DF00142AEB /* Info.plist */ = {isa = PBXFileReference; lastKnownFileType = text.plist.xml; path = Info.plist; sourceTree = "<group>"; };
/* End PBXFileReference section */

/* Begin PBXFrameworksBuildPhase section */
		307D5A482645F6DE00142AEB /* Frameworks */ = {
			isa = PBXFrameworksBuildPhase;
			buildActionMask = 2147483647;
			files = (
			);
			runOnlyForDeploymentPostprocessing = 0;
		};
		307D5A502645F6DE00142AEB /* Frameworks */ = {
			isa = PBXFrameworksBuildPhase;
			buildActionMask = 2147483647;
			files = (
			);
			runOnlyForDeploymentPostprocessing = 0;
		};
		307D5A582645F6DF00142AEB /* Frameworks */ = {
			isa = PBXFrameworksBuildPhase;
			buildActionMask = 2147483647;
			files = (
			);
			runOnlyForDeploymentPostprocessing = 0;
		};
		307D5A632645F6DF00142AEB /* Frameworks */ = {
			isa = PBXFrameworksBuildPhase;
			buildActionMask = 2147483647;
			files = (
			);
			runOnlyForDeploymentPostprocessing = 0;
		};
/* End PBXFrameworksBuildPhase section */

/* Begin PBXGroup section */
		307D5A3E2645F6DD00142AEB = {
			isa = PBXGroup;
			children = (
				307D5A432645F6DD00142AEB /* Shared */,
				307D5A4D2645F6DE00142AEB /* iOS */,
				307D5A542645F6DE00142AEB /* macOS */,
				307D5A5E2645F6DF00142AEB /* Tests iOS */,
				307D5A692645F6DF00142AEB /* Tests macOS */,
				307D5A4C2645F6DE00142AEB /* Products */,
			);
			sourceTree = "<group>";
		};
		307D5A432645F6DD00142AEB /* Shared */ = {
			isa = PBXGroup;
			children = (
				307D5A442645F6DD00142AEB /* Lesson_4_Challenge__Bonus_App.swift */,
				307D5A452645F6DD00142AEB /* ContentView.swift */,
				307D5A462645F6DE00142AEB /* Assets.xcassets */,
			);
			path = Shared;
			sourceTree = "<group>";
		};
		307D5A4C2645F6DE00142AEB /* Products */ = {
			isa = PBXGroup;
			children = (
				307D5A4B2645F6DE00142AEB /* Lesson 4 Challenge (Bonus).app */,
				307D5A532645F6DE00142AEB /* Lesson 4 Challenge (Bonus).app */,
				307D5A5B2645F6DF00142AEB /* Tests iOS.xctest */,
				307D5A662645F6DF00142AEB /* Tests macOS.xctest */,
			);
			name = Products;
			sourceTree = "<group>";
		};
		307D5A4D2645F6DE00142AEB /* iOS */ = {
			isa = PBXGroup;
			children = (
				307D5A4E2645F6DE00142AEB /* Info.plist */,
			);
			path = iOS;
			sourceTree = "<group>";
		};
		307D5A542645F6DE00142AEB /* macOS */ = {
			isa = PBXGroup;
			children = (
				307D5A552645F6DE00142AEB /* Info.plist */,
				307D5A562645F6DE00142AEB /* macOS.entitlements */,
			);
			path = macOS;
			sourceTree = "<group>";
		};
		307D5A5E2645F6DF00142AEB /* Tests iOS */ = {
			isa = PBXGroup;
			children = (
				307D5A5F2645F6DF00142AEB /* Tests_iOS.swift */,
				307D5A612645F6DF00142AEB /* Info.plist */,
			);
			path = "Tests iOS";
			sourceTree = "<group>";
		};
		307D5A692645F6DF00142AEB /* Tests macOS */ = {
			isa = PBXGroup;
			children = (
				307D5A6A2645F6DF00142AEB /* Tests_macOS.swift */,
				307D5A6C2645F6DF00142AEB /* Info.plist */,
			);
			path = "Tests macOS";
			sourceTree = "<group>";
		};
/* End PBXGroup section */

/* Begin PBXNativeTarget section */
		307D5A4A2645F6DE00142AEB /* Lesson 4 Challenge (Bonus) (iOS) */ = {
			isa = PBXNativeTarget;
			buildConfigurationList = 307D5A752645F6DF00142AEB /* Build configuration list for PBXNativeTarget "Lesson 4 Challenge (Bonus) (iOS)" */;
			buildPhases = (
				307D5A472645F6DE00142AEB /* Sources */,
				307D5A482645F6DE00142AEB /* Frameworks */,
				307D5A492645F6DE00142AEB /* Resources */,
			);
			buildRules = (
			);
			dependencies = (
			);
			name = "Lesson 4 Challenge (Bonus) (iOS)";
			productName = "Lesson 4 Challenge (Bonus) (iOS)";
			productReference = 307D5A4B2645F6DE00142AEB /* Lesson 4 Challenge (Bonus).app */;
			productType = "com.apple.product-type.application";
		};
		307D5A522645F6DE00142AEB /* Lesson 4 Challenge (Bonus) (macOS) */ = {
			isa = PBXNativeTarget;
			buildConfigurationList = 307D5A782645F6DF00142AEB /* Build configuration list for PBXNativeTarget "Lesson 4 Challenge (Bonus) (macOS)" */;
			buildPhases = (
				307D5A4F2645F6DE00142AEB /* Sources */,
				307D5A502645F6DE00142AEB /* Frameworks */,
				307D5A512645F6DE00142AEB /* Resources */,
			);
			buildRules = (
			);
			dependencies = (
			);
			name = "Lesson 4 Challenge (Bonus) (macOS)";
			productName = "Lesson 4 Challenge (Bonus) (macOS)";
			productReference = 307D5A532645F6DE00142AEB /* Lesson 4 Challenge (Bonus).app */;
			productType = "com.apple.product-type.application";
		};
		307D5A5A2645F6DF00142AEB /* Tests iOS */ = {
			isa = PBXNativeTarget;
			buildConfigurationList = 307D5A7B2645F6DF00142AEB /* Build configuration list for PBXNativeTarget "Tests iOS" */;
			buildPhases = (
				307D5A572645F6DF00142AEB /* Sources */,
				307D5A582645F6DF00142AEB /* Frameworks */,
				307D5A592645F6DF00142AEB /* Resources */,
			);
			buildRules = (
			);
			dependencies = (
				307D5A5D2645F6DF00142AEB /* PBXTargetDependency */,
			);
			name = "Tests iOS";
			productName = "Tests iOS";
			productReference = 307D5A5B2645F6DF00142AEB /* Tests iOS.xctest */;
			productType = "com.apple.product-type.bundle.ui-testing";
		};
		307D5A652645F6DF00142AEB /* Tests macOS */ = {
			isa = PBXNativeTarget;
			buildConfigurationList = 307D5A7E2645F6DF00142AEB /* Build configuration list for PBXNativeTarget "Tests macOS" */;
			buildPhases = (
				307D5A622645F6DF00142AEB /* Sources */,
				307D5A632645F6DF00142AEB /* Frameworks */,
				307D5A642645F6DF00142AEB /* Resources */,
			);
			buildRules = (
			);
			dependencies = (
				307D5A682645F6DF00142AEB /* PBXTargetDependency */,
			);
			name = "Tests macOS";
			productName = "Tests macOS";
			productReference = 307D5A662645F6DF00142AEB /* Tests macOS.xctest */;
			productType = "com.apple.product-type.bundle.ui-testing";
		};
/* End PBXNativeTarget section */

/* Begin PBXProject section */
		307D5A3F2645F6DD00142AEB /* Project object */ = {
			isa = PBXProject;
			attributes = {
				LastSwiftUpdateCheck = 1240;
				LastUpgradeCheck = 1240;
				TargetAttributes = {
					307D5A4A2645F6DE00142AEB = {
						CreatedOnToolsVersion = 12.4;
					};
					307D5A522645F6DE00142AEB = {
						CreatedOnToolsVersion = 12.4;
					};
					307D5A5A2645F6DF00142AEB = {
						CreatedOnToolsVersion = 12.4;
						TestTargetID = 307D5A4A2645F6DE00142AEB;
					};
					307D5A652645F6DF00142AEB = {
						CreatedOnToolsVersion = 12.4;
						TestTargetID = 307D5A522645F6DE00142AEB;
					};
				};
			};
			buildConfigurationList = 307D5A422645F6DD00142AEB /* Build configuration list for PBXProject "Lesson 4 Challenge (Bonus)" */;
			compatibilityVersion = "Xcode 9.3";
			developmentRegion = en;
			hasScannedForEncodings = 0;
			knownRegions = (
				en,
				Base,
			);
			mainGroup = 307D5A3E2645F6DD00142AEB;
			productRefGroup = 307D5A4C2645F6DE00142AEB /* Products */;
			projectDirPath = "";
			projectRoot = "";
			targets = (
				307D5A4A2645F6DE00142AEB /* Lesson 4 Challenge (Bonus) (iOS) */,
				307D5A522645F6DE00142AEB /* Lesson 4 Challenge (Bonus) (macOS) */,
				307D5A5A2645F6DF00142AEB /* Tests iOS */,
				307D5A652645F6DF00142AEB /* Tests macOS */,
			);
		};
/* End PBXProject section */

/* Begin PBXResourcesBuildPhase section */
		307D5A492645F6DE00142AEB /* Resources */ = {
			isa = PBXResourcesBuildPhase;
			buildActionMask = 2147483647;
			files = (
				307D5A712645F6DF00142AEB /* Assets.xcassets in Resources */,
			);
			runOnlyForDeploymentPostprocessing = 0;
		};
		307D5A512645F6DE00142AEB /* Resources */ = {
			isa = PBXResourcesBuildPhase;
			buildActionMask = 2147483647;
			files = (
				307D5A722645F6DF00142AEB /* Assets.xcassets in Resources */,
			);
			runOnlyForDeploymentPostprocessing = 0;
		};
		307D5A592645F6DF00142AEB /* Resources */ = {
			isa = PBXResourcesBuildPhase;
			buildActionMask = 2147483647;
			files = (
			);
			runOnlyForDeploymentPostprocessing = 0;
		};
		307D5A642645F6DF00142AEB /* Resources */ = {
			isa = PBXResourcesBuildPhase;
			buildActionMask = 2147483647;
			files = (
			);
			runOnlyForDeploymentPostprocessing = 0;
		};
/* End PBXResourcesBuildPhase section */

/* Begin PBXSourcesBuildPhase section */
		307D5A472645F6DE00142AEB /* Sources */ = {
			isa = PBXSourcesBuildPhase;
			buildActionMask = 2147483647;
			files = (
				307D5A6F2645F6DF00142AEB /* ContentView.swift in Sources */,
				307D5A6D2645F6DF00142AEB /* Lesson_4_Challenge__Bonus_App.swift in Sources */,
			);
			runOnlyForDeploymentPostprocessing = 0;
		};
		307D5A4F2645F6DE00142AEB /* Sources */ = {
			isa = PBXSourcesBuildPhase;
			buildActionMask = 2147483647;
			files = (
				307D5A702645F6DF00142AEB /* ContentView.swift in Sources */,
				307D5A6E2645F6DF00142AEB /* Lesson_4_Challenge__Bonus_App.swift in Sources */,
			);
			runOnlyForDeploymentPostprocessing = 0;
		};
		307D5A572645F6DF00142AEB /* Sources */ = {
			isa = PBXSourcesBuildPhase;
			buildActionMask = 2147483647;
			files = (
				307D5A602645F6DF00142AEB /* Tests_iOS.swift in Sources */,
			);
			runOnlyForDeploymentPostprocessing = 0;
		};
		307D5A622645F6DF00142AEB /* Sources */ = {
			isa = PBXSourcesBuildPhase;
			buildActionMask = 2147483647;
			files = (
				307D5A6B2645F6DF00142AEB /* Tests_macOS.swift in Sources */,
			);
			runOnlyForDeploymentPostprocessing = 0;
		};
/* End PBXSourcesBuildPhase section */

/* Begin PBXTargetDependency section */
		307D5A5D2645F6DF00142AEB /* PBXTargetDependency */ = {
			isa = PBXTargetDependency;
			target = 307D5A4A2645F6DE00142AEB /* Lesson 4 Challenge (Bonus) (iOS) */;
			targetProxy = 307D5A5C2645F6DF00142AEB /* PBXContainerItemProxy */;
		};
		307D5A682645F6DF00142AEB /* PBXTargetDependency */ = {
			isa = PBXTargetDependency;
			target = 307D5A522645F6DE00142AEB /* Lesson 4 Challenge (Bonus) (macOS) */;
			targetProxy = 307D5A672645F6DF00142AEB /* PBXContainerItemProxy */;
		};
/* End PBXTargetDependency section */

/* Begin XCBuildConfiguration section */
		307D5A732645F6DF00142AEB /* Debug */ = {
			isa = XCBuildConfiguration;
			buildSettings = {
				ALWAYS_SEARCH_USER_PATHS = NO;
				CLANG_ANALYZER_NONNULL = YES;
				CLANG_ANALYZER_NUMBER_OBJECT_CONVERSION = YES_AGGRESSIVE;
				CLANG_CXX_LANGUAGE_STANDARD = "gnu++14";
				CLANG_CXX_LIBRARY = "libc++";
				CLANG_ENABLE_MODULES = YES;
				CLANG_ENABLE_OBJC_ARC = YES;
				CLANG_ENABLE_OBJC_WEAK = YES;
				CLANG_WARN_BLOCK_CAPTURE_AUTORELEASING = YES;
				CLANG_WARN_BOOL_CONVERSION = YES;
				CLANG_WARN_COMMA = YES;
				CLANG_WARN_CONSTANT_CONVERSION = YES;
				CLANG_WARN_DEPRECATED_OBJC_IMPLEMENTATIONS = YES;
				CLANG_WARN_DIRECT_OBJC_ISA_USAGE = YES_ERROR;
				CLANG_WARN_DOCUMENTATION_COMMENTS = YES;
				CLANG_WARN_EMPTY_BODY = YES;
				CLANG_WARN_ENUM_CONVERSION = YES;
				CLANG_WARN_INFINITE_RECURSION = YES;
				CLANG_WARN_INT_CONVERSION = YES;
				CLANG_WARN_NON_LITERAL_NULL_CONVERSION = YES;
				CLANG_WARN_OBJC_IMPLICIT_RETAIN_SELF = YES;
				CLANG_WARN_OBJC_LITERAL_CONVERSION = YES;
				CLANG_WARN_OBJC_ROOT_CLASS = YES_ERROR;
				CLANG_WARN_QUOTED_INCLUDE_IN_FRAMEWORK_HEADER = YES;
				CLANG_WARN_RANGE_LOOP_ANALYSIS = YES;
				CLANG_WARN_STRICT_PROTOTYPES = YES;
				CLANG_WARN_SUSPICIOUS_MOVE = YES;
				CLANG_WARN_UNGUARDED_AVAILABILITY = YES_AGGRESSIVE;
				CLANG_WARN_UNREACHABLE_CODE = YES;
				CLANG_WARN__DUPLICATE_METHOD_MATCH = YES;
				COPY_PHASE_STRIP = NO;
				DEBUG_INFORMATION_FORMAT = dwarf;
				ENABLE_STRICT_OBJC_MSGSEND = YES;
				ENABLE_TESTABILITY = YES;
				GCC_C_LANGUAGE_STANDARD = gnu11;
				GCC_DYNAMIC_NO_PIC = NO;
				GCC_NO_COMMON_BLOCKS = YES;
				GCC_OPTIMIZATION_LEVEL = 0;
				GCC_PREPROCESSOR_DEFINITIONS = (
					"DEBUG=1",
					"$(inherited)",
				);
				GCC_WARN_64_TO_32_BIT_CONVERSION = YES;
				GCC_WARN_ABOUT_RETURN_TYPE = YES_ERROR;
				GCC_WARN_UNDECLARED_SELECTOR = YES;
				GCC_WARN_UNINITIALIZED_AUTOS = YES_AGGRESSIVE;
				GCC_WARN_UNUSED_FUNCTION = YES;
				GCC_WARN_UNUSED_VARIABLE = YES;
				MTL_ENABLE_DEBUG_INFO = INCLUDE_SOURCE;
				MTL_FAST_MATH = YES;
				ONLY_ACTIVE_ARCH = YES;
				SWIFT_ACTIVE_COMPILATION_CONDITIONS = DEBUG;
				SWIFT_OPTIMIZATION_LEVEL = "-Onone";
			};
			name = Debug;
		};
		307D5A742645F6DF00142AEB /* Release */ = {
			isa = XCBuildConfiguration;
			buildSettings = {
				ALWAYS_SEARCH_USER_PATHS = NO;
				CLANG_ANALYZER_NONNULL = YES;
				CLANG_ANALYZER_NUMBER_OBJECT_CONVERSION = YES_AGGRESSIVE;
				CLANG_CXX_LANGUAGE_STANDARD = "gnu++14";
				CLANG_CXX_LIBRARY = "libc++";
				CLANG_ENABLE_MODULES = YES;
				CLANG_ENABLE_OBJC_ARC = YES;
				CLANG_ENABLE_OBJC_WEAK = YES;
				CLANG_WARN_BLOCK_CAPTURE_AUTORELEASING = YES;
				CLANG_WARN_BOOL_CONVERSION = YES;
				CLANG_WARN_COMMA = YES;
				CLANG_WARN_CONSTANT_CONVERSION = YES;
				CLANG_WARN_DEPRECATED_OBJC_IMPLEMENTATIONS = YES;
				CLANG_WARN_DIRECT_OBJC_ISA_USAGE = YES_ERROR;
				CLANG_WARN_DOCUMENTATION_COMMENTS = YES;
				CLANG_WARN_EMPTY_BODY = YES;
				CLANG_WARN_ENUM_CONVERSION = YES;
				CLANG_WARN_INFINITE_RECURSION = YES;
				CLANG_WARN_INT_CONVERSION = YES;
				CLANG_WARN_NON_LITERAL_NULL_CONVERSION = YES;
				CLANG_WARN_OBJC_IMPLICIT_RETAIN_SELF = YES;
				CLANG_WARN_OBJC_LITERAL_CONVERSION = YES;
				CLANG_WARN_OBJC_ROOT_CLASS = YES_ERROR;
				CLANG_WARN_QUOTED_INCLUDE_IN_FRAMEWORK_HEADER = YES;
				CLANG_WARN_RANGE_LOOP_ANALYSIS = YES;
				CLANG_WARN_STRICT_PROTOTYPES = YES;
				CLANG_WARN_SUSPICIOUS_MOVE = YES;
				CLANG_WARN_UNGUARDED_AVAILABILITY = YES_AGGRESSIVE;
				CLANG_WARN_UNREACHABLE_CODE = YES;
				CLANG_WARN__DUPLICATE_METHOD_MATCH = YES;
				COPY_PHASE_STRIP = NO;
				DEBUG_INFORMATION_FORMAT = "dwarf-with-dsym";
				ENABLE_NS_ASSERTIONS = NO;
				ENABLE_STRICT_OBJC_MSGSEND = YES;
				GCC_C_LANGUAGE_STANDARD = gnu11;
				GCC_NO_COMMON_BLOCKS = YES;
				GCC_WARN_64_TO_32_BIT_CONVERSION = YES;
				GCC_WARN_ABOUT_RETURN_TYPE = YES_ERROR;
				GCC_WARN_UNDECLARED_SELECTOR = YES;
				GCC_WARN_UNINITIALIZED_AUTOS = YES_AGGRESSIVE;
				GCC_WARN_UNUSED_FUNCTION = YES;
				GCC_WARN_UNUSED_VARIABLE = YES;
				MTL_ENABLE_DEBUG_INFO = NO;
				MTL_FAST_MATH = YES;
				SWIFT_COMPILATION_MODE = wholemodule;
				SWIFT_OPTIMIZATION_LEVEL = "-O";
			};
			name = Release;
		};
		307D5A762645F6DF00142AEB /* Debug */ = {
			isa = XCBuildConfiguration;
			buildSettings = {
				ASSETCATALOG_COMPILER_APPICON_NAME = AppIcon;
				ASSETCATALOG_COMPILER_GLOBAL_ACCENT_COLOR_NAME = AccentColor;
				CODE_SIGN_STYLE = Automatic;
				ENABLE_PREVIEWS = YES;
				INFOPLIST_FILE = iOS/Info.plist;
				IPHONEOS_DEPLOYMENT_TARGET = 14.0;
				LD_RUNPATH_SEARCH_PATHS = (
					"$(inherited)",
					"@executable_path/Frameworks",
				);
				PRODUCT_BUNDLE_IDENTIFIER = "MosleyTech.Lesson-4-Challenge--Bonus-";
				PRODUCT_NAME = "Lesson 4 Challenge (Bonus)";
				SDKROOT = iphoneos;
				SWIFT_VERSION = 5.0;
				TARGETED_DEVICE_FAMILY = "1,2";
			};
			name = Debug;
		};
		307D5A772645F6DF00142AEB /* Release */ = {
			isa = XCBuildConfiguration;
			buildSettings = {
				ASSETCATALOG_COMPILER_APPICON_NAME = AppIcon;
				ASSETCATALOG_COMPILER_GLOBAL_ACCENT_COLOR_NAME = AccentColor;
				CODE_SIGN_STYLE = Automatic;
				ENABLE_PREVIEWS = YES;
				INFOPLIST_FILE = iOS/Info.plist;
				IPHONEOS_DEPLOYMENT_TARGET = 14.0;
				LD_RUNPATH_SEARCH_PATHS = (
					"$(inherited)",
					"@executable_path/Frameworks",
				);
				PRODUCT_BUNDLE_IDENTIFIER = "MosleyTech.Lesson-4-Challenge--Bonus-";
				PRODUCT_NAME = "Lesson 4 Challenge (Bonus)";
				SDKROOT = iphoneos;
				SWIFT_VERSION = 5.0;
				TARGETED_DEVICE_FAMILY = "1,2";
				VALIDATE_PRODUCT = YES;
			};
			name = Release;
		};
		307D5A792645F6DF00142AEB /* Debug */ = {
			isa = XCBuildConfiguration;
			buildSettings = {
				ASSETCATALOG_COMPILER_APPICON_NAME = AppIcon;
				ASSETCATALOG_COMPILER_GLOBAL_ACCENT_COLOR_NAME = AccentColor;
				CODE_SIGN_ENTITLEMENTS = macOS/macOS.entitlements;
				CODE_SIGN_STYLE = Automatic;
				COMBINE_HIDPI_IMAGES = YES;
				ENABLE_PREVIEWS = YES;
				INFOPLIST_FILE = macOS/Info.plist;
				LD_RUNPATH_SEARCH_PATHS = (
					"$(inherited)",
					"@executable_path/../Frameworks",
				);
				MACOSX_DEPLOYMENT_TARGET = 11.0;
				PRODUCT_BUNDLE_IDENTIFIER = "MosleyTech.Lesson-4-Challenge--Bonus-";
				PRODUCT_NAME = "Lesson 4 Challenge (Bonus)";
				SDKROOT = macosx;
				SWIFT_VERSION = 5.0;
			};
			name = Debug;
		};
		307D5A7A2645F6DF00142AEB /* Release */ = {
			isa = XCBuildConfiguration;
			buildSettings = {
				ASSETCATALOG_COMPILER_APPICON_NAME = AppIcon;
				ASSETCATALOG_COMPILER_GLOBAL_ACCENT_COLOR_NAME = AccentColor;
				CODE_SIGN_ENTITLEMENTS = macOS/macOS.entitlements;
				CODE_SIGN_STYLE = Automatic;
				COMBINE_HIDPI_IMAGES = YES;
				ENABLE_PREVIEWS = YES;
				INFOPLIST_FILE = macOS/Info.plist;
				LD_RUNPATH_SEARCH_PATHS = (
					"$(inherited)",
					"@executable_path/../Frameworks",
				);
				MACOSX_DEPLOYMENT_TARGET = 11.0;
				PRODUCT_BUNDLE_IDENTIFIER = "MosleyTech.Lesson-4-Challenge--Bonus-";
				PRODUCT_NAME = "Lesson 4 Challenge (Bonus)";
				SDKROOT = macosx;
				SWIFT_VERSION = 5.0;
			};
			name = Release;
		};
		307D5A7C2645F6DF00142AEB /* Debug */ = {
			isa = XCBuildConfiguration;
			buildSettings = {
				ALWAYS_EMBED_SWIFT_STANDARD_LIBRARIES = YES;
				CODE_SIGN_STYLE = Automatic;
				INFOPLIST_FILE = "Tests iOS/Info.plist";
				IPHONEOS_DEPLOYMENT_TARGET = 14.4;
				LD_RUNPATH_SEARCH_PATHS = (
					"$(inherited)",
					"@executable_path/Frameworks",
					"@loader_path/Frameworks",
				);
				PRODUCT_BUNDLE_IDENTIFIER = "MosleyTech.Tests-iOS";
				PRODUCT_NAME = "$(TARGET_NAME)";
				SDKROOT = iphoneos;
				SWIFT_VERSION = 5.0;
				TARGETED_DEVICE_FAMILY = "1,2";
				TEST_TARGET_NAME = "Lesson 4 Challenge (Bonus) (iOS)";
			};
			name = Debug;
		};
		307D5A7D2645F6DF00142AEB /* Release */ = {
			isa = XCBuildConfiguration;
			buildSettings = {
				ALWAYS_EMBED_SWIFT_STANDARD_LIBRARIES = YES;
				CODE_SIGN_STYLE = Automatic;
				INFOPLIST_FILE = "Tests iOS/Info.plist";
				IPHONEOS_DEPLOYMENT_TARGET = 14.4;
				LD_RUNPATH_SEARCH_PATHS = (
					"$(inherited)",
					"@executable_path/Frameworks",
					"@loader_path/Frameworks",
				);
				PRODUCT_BUNDLE_IDENTIFIER = "MosleyTech.Tests-iOS";
				PRODUCT_NAME = "$(TARGET_NAME)";
				SDKROOT = iphoneos;
				SWIFT_VERSION = 5.0;
				TARGETED_DEVICE_FAMILY = "1,2";
				TEST_TARGET_NAME = "Lesson 4 Challenge (Bonus) (iOS)";
				VALIDATE_PRODUCT = YES;
			};
			name = Release;
		};
		307D5A7F2645F6DF00142AEB /* Debug */ = {
			isa = XCBuildConfiguration;
			buildSettings = {
				ALWAYS_EMBED_SWIFT_STANDARD_LIBRARIES = YES;
				CODE_SIGN_STYLE = Automatic;
				COMBINE_HIDPI_IMAGES = YES;
				INFOPLIST_FILE = "Tests macOS/Info.plist";
				LD_RUNPATH_SEARCH_PATHS = (
					"$(inherited)",
					"@executable_path/../Frameworks",
					"@loader_path/../Frameworks",
				);
				MACOSX_DEPLOYMENT_TARGET = 10.15;
				PRODUCT_BUNDLE_IDENTIFIER = "MosleyTech.Tests-macOS";
				PRODUCT_NAME = "$(TARGET_NAME)";
				SDKROOT = macosx;
				SWIFT_VERSION = 5.0;
				TEST_TARGET_NAME = "Lesson 4 Challenge (Bonus) (macOS)";
			};
			name = Debug;
		};
		307D5A802645F6DF00142AEB /* Release */ = {
			isa = XCBuildConfiguration;
			buildSettings = {
				ALWAYS_EMBED_SWIFT_STANDARD_LIBRARIES = YES;
				CODE_SIGN_STYLE = Automatic;
				COMBINE_HIDPI_IMAGES = YES;
				INFOPLIST_FILE = "Tests macOS/Info.plist";
				LD_RUNPATH_SEARCH_PATHS = (
					"$(inherited)",
					"@executable_path/../Frameworks",
					"@loader_path/../Frameworks",
				);
				MACOSX_DEPLOYMENT_TARGET = 10.15;
				PRODUCT_BUNDLE_IDENTIFIER = "MosleyTech.Tests-macOS";
				PRODUCT_NAME = "$(TARGET_NAME)";
				SDKROOT = macosx;
				SWIFT_VERSION = 5.0;
				TEST_TARGET_NAME = "Lesson 4 Challenge (Bonus) (macOS)";
			};
			name = Release;
		};
/* End XCBuildConfiguration section */

/* Begin XCConfigurationList section */
		307D5A422645F6DD00142AEB /* Build configuration list for PBXProject "Lesson 4 Challenge (Bonus)" */ = {
			isa = XCConfigurationList;
			buildConfigurations = (
				307D5A732645F6DF00142AEB /* Debug */,
				307D5A742645F6DF00142AEB /* Release */,
			);
			defaultConfigurationIsVisible = 0;
			defaultConfigurationName = Release;
		};
		307D5A752645F6DF00142AEB /* Build configuration list for PBXNativeTarget "Lesson 4 Challenge (Bonus) (iOS)" */ = {
			isa = XCConfigurationList;
			buildConfigurations = (
				307D5A762645F6DF00142AEB /* Debug */,
				307D5A772645F6DF00142AEB /* Release */,
			);
			defaultConfigurationIsVisible = 0;
			defaultConfigurationName = Release;
		};
		307D5A782645F6DF00142AEB /* Build configuration list for PBXNativeTarget "Lesson 4 Challenge (Bonus) (macOS)" */ = {
			isa = XCConfigurationList;
			buildConfigurations = (
				307D5A792645F6DF00142AEB /* Debug */,
				307D5A7A2645F6DF00142AEB /* Release */,
			);
			defaultConfigurationIsVisible = 0;
			defaultConfigurationName = Release;
		};
		307D5A7B2645F6DF00142AEB /* Build configuration list for PBXNativeTarget "Tests iOS" */ = {
			isa = XCConfigurationList;
			buildConfigurations = (
				307D5A7C2645F6DF00142AEB /* Debug */,
				307D5A7D2645F6DF00142AEB /* Release */,
			);
			defaultConfigurationIsVisible = 0;
			defaultConfigurationName = Release;
		};
		307D5A7E2645F6DF00142AEB /* Build configuration list for PBXNativeTarget "Tests macOS" */ = {
			isa = XCConfigurationList;
			buildConfigurations = (
				307D5A7F2645F6DF00142AEB /* Debug */,
				307D5A802645F6DF00142AEB /* Release */,
			);
			defaultConfigurationIsVisible = 0;
			defaultConfigurationName = Release;
		};
/* End XCConfigurationList section */
	};
	rootObject = 307D5A3F2645F6DD00142AEB /* Project object */;
}
